{
  "name": "persistent-repl-electron-example",
  "version": "0.1.0",
  "lockfileVersion": 3,
  "requires": true,
  "packages": {
    "": {
      "name": "persistent-repl-electron-example",
      "version": "0.1.0",
      "dependencies": {
        "@superche/persistent-repl": "file:../.."
      }
    },
    "../..": {
      "name": "@superche/persistent-repl",
      "version": "0.1.0",
      "license": "MIT",
      "dependencies": {
        "@babel/generator": "8.0.0",
        "@babel/parser": "8.0.4",
        "@babel/traverse": "8.0.4",
        "@babel/types": "8.0.4",
        "@jridgewell/trace-mapping": "0.3.31",
        "@modelcontextprotocol/sdk": "1.30.0",
        "ajv": "8.20.0",
        "pngjs": "7.0.0",
        "quickjs-emscripten": "0.32.0"
      },
      "bin": {
        "persistent-repl-mcp": "dist/cli.js"
      },
      "devDependencies": {
        "@types/babel__generator": "7.27.0",
        "@types/babel__traverse": "7.28.0",
        "@types/node": "22.20.2",
        "@types/pngjs": "6.0.5",
        "electron": "44.3.0",
        "typescript": "7.0.2"
      },
      "engines": {
        "node": ">=22.19.0 <25"
      }
    },
    "node_modules/@superche/persistent-repl": {
      "resolved": "../..",
      "link": true
    }
  }
}
